
Microsoft Visual Studio Solution File, Format Version 12.00
# Visual Studio Version 16
VisualStudioVersion = 16.0.29020.237
MinimumVisualStudioVersion = 10.0.40219.1
Project("{FAE04EC0-301F-11D3-BF4B-00C04F79EFBC}") = "Catalyst.Game", "Catalyst.Game\Catalyst.Game.csproj", "{E0F96220-34C9-4F07-9E3C-EDFDC8D28B0F}"
EndProject
Project("{9A19103F-16F7-4668-BE54-9A1E7A4F7556}") = "Catalyst.Editor", "Catalyst.Editor\Catalyst.Editor.csproj", "{638D8088-62B1-455E-AD0B-154DE6BEA47B}"
EndProject
Project("{9A19103F-16F7-4668-BE54-9A1E7A4F7556}") = "Catalyst.Engine", "Catalyst.Engine\Catalyst.Engine.csproj", "{6AF02F92-514F-460A-B246-A5B0C1644676}"
EndProject
Project("{9A19103F-16F7-4668-BE54-9A1E7A4F7556}") = "Catalyst.ContentManager", "Catalyst.TexturePacker\Catalyst.ContentManager.csproj", "{27F44F4C-6125-4C6F-93CB-33928614EE83}"
EndProject
Global
	GlobalSection(SolutionConfigurationPlatforms) = preSolution
		Debug|Any CPU = Debug|Any CPU
		Debug|x64 = Debug|x64
		Debug|x86 = Debug|x86
		LINUX32|Any CPU = LINUX32|Any CPU
		LINUX32|x64 = LINUX32|x64
		LINUX32|x86 = LINUX32|x86
		LINUX64|Any CPU = LINUX64|Any CPU
		LINUX64|x64 = LINUX64|x64
		LINUX64|x86 = LINUX64|x86
		OSX|Any CPU = OSX|Any CPU
		OSX|x64 = OSX|x64
		OSX|x86 = OSX|x86
		Release|Any CPU = Release|Any CPU
		Release|x64 = Release|x64
		Release|x86 = Release|x86
		WIN32|Any CPU = WIN32|Any CPU
		WIN32|x64 = WIN32|x64
		WIN32|x86 = WIN32|x86
		WIN64|Any CPU = WIN64|Any CPU
		WIN64|x64 = WIN64|x64
		WIN64|x86 = WIN64|x86
	EndGlobalSection
	GlobalSection(ProjectConfigurationPlatforms) = postSolution
		{E0F96220-34C9-4F07-9E3C-EDFDC8D28B0F}.Debug|Any CPU.ActiveCfg = Debug|Any CPU
		{E0F96220-34C9-4F07-9E3C-EDFDC8D28B0F}.Debug|Any CPU.Build.0 = Debug|Any CPU
		{E0F96220-34C9-4F07-9E3C-EDFDC8D28B0F}.Debug|x64.ActiveCfg = Debug|x64
		{E0F96220-34C9-4F07-9E3C-EDFDC8D28B0F}.Debug|x64.Build.0 = Debug|x64
		{E0F96220-34C9-4F07-9E3C-EDFDC8D28B0F}.Debug|x86.ActiveCfg = Debug|x86
		{E0F96220-34C9-4F07-9E3C-EDFDC8D28B0F}.Debug|x86.Build.0 = Debug|x86
		{E0F96220-34C9-4F07-9E3C-EDFDC8D28B0F}.LINUX32|Any CPU.ActiveCfg = LINUX32|x86
		{E0F96220-34C9-4F07-9E3C-EDFDC8D28B0F}.LINUX32|Any CPU.Build.0 = LINUX32|x86
		{E0F96220-34C9-4F07-9E3C-EDFDC8D28B0F}.LINUX32|x64.ActiveCfg = LINUX32|x64
		{E0F96220-34C9-4F07-9E3C-EDFDC8D28B0F}.LINUX32|x64.Build.0 = LINUX32|x64
		{E0F96220-34C9-4F07-9E3C-EDFDC8D28B0F}.LINUX32|x86.ActiveCfg = LINUX32|x86
		{E0F96220-34C9-4F07-9E3C-EDFDC8D28B0F}.LINUX32|x86.Build.0 = LINUX32|x86
		{E0F96220-34C9-4F07-9E3C-EDFDC8D28B0F}.LINUX64|Any CPU.ActiveCfg = LINUX64|x64
		{E0F96220-34C9-4F07-9E3C-EDFDC8D28B0F}.LINUX64|Any CPU.Build.0 = LINUX64|x64
		{E0F96220-34C9-4F07-9E3C-EDFDC8D28B0F}.LINUX64|x64.ActiveCfg = LINUX64|x64
		{E0F96220-34C9-4F07-9E3C-EDFDC8D28B0F}.LINUX64|x64.Build.0 = LINUX64|x64
		{E0F96220-34C9-4F07-9E3C-EDFDC8D28B0F}.LINUX64|x86.ActiveCfg = LINUX64|x86
		{E0F96220-34C9-4F07-9E3C-EDFDC8D28B0F}.LINUX64|x86.Build.0 = LINUX64|x86
		{E0F96220-34C9-4F07-9E3C-EDFDC8D28B0F}.OSX|Any CPU.ActiveCfg = OSX|Any CPU
		{E0F96220-34C9-4F07-9E3C-EDFDC8D28B0F}.OSX|Any CPU.Build.0 = OSX|Any CPU
		{E0F96220-34C9-4F07-9E3C-EDFDC8D28B0F}.OSX|x64.ActiveCfg = OSX|x64
		{E0F96220-34C9-4F07-9E3C-EDFDC8D28B0F}.OSX|x64.Build.0 = OSX|x64
		{E0F96220-34C9-4F07-9E3C-EDFDC8D28B0F}.OSX|x86.ActiveCfg = OSX|x86
		{E0F96220-34C9-4F07-9E3C-EDFDC8D28B0F}.OSX|x86.Build.0 = OSX|x86
		{E0F96220-34C9-4F07-9E3C-EDFDC8D28B0F}.Release|Any CPU.ActiveCfg = LINUX64|Any CPU
		{E0F96220-34C9-4F07-9E3C-EDFDC8D28B0F}.Release|Any CPU.Build.0 = LINUX64|Any CPU
		{E0F96220-34C9-4F07-9E3C-EDFDC8D28B0F}.Release|x64.ActiveCfg = LINUX32|x64
		{E0F96220-34C9-4F07-9E3C-EDFDC8D28B0F}.Release|x64.Build.0 = LINUX32|x64
		{E0F96220-34C9-4F07-9E3C-EDFDC8D28B0F}.Release|x86.ActiveCfg = LINUX64|x86
		{E0F96220-34C9-4F07-9E3C-EDFDC8D28B0F}.Release|x86.Build.0 = LINUX64|x86
		{E0F96220-34C9-4F07-9E3C-EDFDC8D28B0F}.WIN32|Any CPU.ActiveCfg = WIN32|x86
		{E0F96220-34C9-4F07-9E3C-EDFDC8D28B0F}.WIN32|Any CPU.Build.0 = WIN32|x86
		{E0F96220-34C9-4F07-9E3C-EDFDC8D28B0F}.WIN32|x64.ActiveCfg = WIN32|x64
		{E0F96220-34C9-4F07-9E3C-EDFDC8D28B0F}.WIN32|x64.Build.0 = WIN32|x64
		{E0F96220-34C9-4F07-9E3C-EDFDC8D28B0F}.WIN32|x86.ActiveCfg = WIN32|x86
		{E0F96220-34C9-4F07-9E3C-EDFDC8D28B0F}.WIN32|x86.Build.0 = WIN32|x86
		{E0F96220-34C9-4F07-9E3C-EDFDC8D28B0F}.WIN64|Any CPU.ActiveCfg = WIN64|x64
		{E0F96220-34C9-4F07-9E3C-EDFDC8D28B0F}.WIN64|Any CPU.Build.0 = WIN64|x64
		{E0F96220-34C9-4F07-9E3C-EDFDC8D28B0F}.WIN64|x64.ActiveCfg = WIN64|x64
		{E0F96220-34C9-4F07-9E3C-EDFDC8D28B0F}.WIN64|x64.Build.0 = WIN64|x64
		{E0F96220-34C9-4F07-9E3C-EDFDC8D28B0F}.WIN64|x86.ActiveCfg = WIN64|x86
		{E0F96220-34C9-4F07-9E3C-EDFDC8D28B0F}.WIN64|x86.Build.0 = WIN64|x86
		{638D8088-62B1-455E-AD0B-154DE6BEA47B}.Debug|Any CPU.ActiveCfg = Debug|Any CPU
		{638D8088-62B1-455E-AD0B-154DE6BEA47B}.Debug|Any CPU.Build.0 = Debug|Any CPU
		{638D8088-62B1-455E-AD0B-154DE6BEA47B}.Debug|x64.ActiveCfg = Debug|x64
		{638D8088-62B1-455E-AD0B-154DE6BEA47B}.Debug|x64.Build.0 = Debug|x64
		{638D8088-62B1-455E-AD0B-154DE6BEA47B}.Debug|x86.ActiveCfg = Debug|x86
		{638D8088-62B1-455E-AD0B-154DE6BEA47B}.Debug|x86.Build.0 = Debug|x86
		{638D8088-62B1-455E-AD0B-154DE6BEA47B}.LINUX32|Any CPU.ActiveCfg = LINUX32|x86
		{638D8088-62B1-455E-AD0B-154DE6BEA47B}.LINUX32|Any CPU.Build.0 = LINUX32|x86
		{638D8088-62B1-455E-AD0B-154DE6BEA47B}.LINUX32|x64.ActiveCfg = LINUX32|x64
		{638D8088-62B1-455E-AD0B-154DE6BEA47B}.LINUX32|x64.Build.0 = LINUX32|x64
		{638D8088-62B1-455E-AD0B-154DE6BEA47B}.LINUX32|x86.ActiveCfg = LINUX32|x86
		{638D8088-62B1-455E-AD0B-154DE6BEA47B}.LINUX32|x86.Build.0 = LINUX32|x86
		{638D8088-62B1-455E-AD0B-154DE6BEA47B}.LINUX64|Any CPU.ActiveCfg = LINUX64|x64
		{638D8088-62B1-455E-AD0B-154DE6BEA47B}.LINUX64|Any CPU.Build.0 = LINUX64|x64
		{638D8088-62B1-455E-AD0B-154DE6BEA47B}.LINUX64|x64.ActiveCfg = LINUX64|x64
		{638D8088-62B1-455E-AD0B-154DE6BEA47B}.LINUX64|x64.Build.0 = LINUX64|x64
		{638D8088-62B1-455E-AD0B-154DE6BEA47B}.LINUX64|x86.ActiveCfg = LINUX64|x86
		{638D8088-62B1-455E-AD0B-154DE6BEA47B}.LINUX64|x86.Build.0 = LINUX64|x86
		{638D8088-62B1-455E-AD0B-154DE6BEA47B}.OSX|Any CPU.ActiveCfg = OSX|Any CPU
		{638D8088-62B1-455E-AD0B-154DE6BEA47B}.OSX|Any CPU.Build.0 = OSX|Any CPU
		{638D8088-62B1-455E-AD0B-154DE6BEA47B}.OSX|x64.ActiveCfg = OSX|x64
		{638D8088-62B1-455E-AD0B-154DE6BEA47B}.OSX|x64.Build.0 = OSX|x64
		{638D8088-62B1-455E-AD0B-154DE6BEA47B}.OSX|x86.ActiveCfg = OSX|x86
		{638D8088-62B1-455E-AD0B-154DE6BEA47B}.OSX|x86.Build.0 = OSX|x86
		{638D8088-62B1-455E-AD0B-154DE6BEA47B}.Release|Any CPU.ActiveCfg = Release|Any CPU
		{638D8088-62B1-455E-AD0B-154DE6BEA47B}.Release|Any CPU.Build.0 = Release|Any CPU
		{638D8088-62B1-455E-AD0B-154DE6BEA47B}.Release|x64.ActiveCfg = Release|x64
		{638D8088-62B1-455E-AD0B-154DE6BEA47B}.Release|x64.Build.0 = Release|x64
		{638D8088-62B1-455E-AD0B-154DE6BEA47B}.Release|x86.ActiveCfg = Release|x86
		{638D8088-62B1-455E-AD0B-154DE6BEA47B}.Release|x86.Build.0 = Release|x86
		{638D8088-62B1-455E-AD0B-154DE6BEA47B}.WIN32|Any CPU.ActiveCfg = WIN32|x86
		{638D8088-62B1-455E-AD0B-154DE6BEA47B}.WIN32|Any CPU.Build.0 = WIN32|x86
		{638D8088-62B1-455E-AD0B-154DE6BEA47B}.WIN32|x64.ActiveCfg = WIN32|x64
		{638D8088-62B1-455E-AD0B-154DE6BEA47B}.WIN32|x64.Build.0 = WIN32|x64
		{638D8088-62B1-455E-AD0B-154DE6BEA47B}.WIN32|x86.ActiveCfg = WIN32|x86
		{638D8088-62B1-455E-AD0B-154DE6BEA47B}.WIN32|x86.Build.0 = WIN32|x86
		{638D8088-62B1-455E-AD0B-154DE6BEA47B}.WIN64|Any CPU.ActiveCfg = WIN64|x64
		{638D8088-62B1-455E-AD0B-154DE6BEA47B}.WIN64|Any CPU.Build.0 = WIN64|x64
		{638D8088-62B1-455E-AD0B-154DE6BEA47B}.WIN64|x64.ActiveCfg = WIN64|x64
		{638D8088-62B1-455E-AD0B-154DE6BEA47B}.WIN64|x64.Build.0 = WIN64|x64
		{638D8088-62B1-455E-AD0B-154DE6BEA47B}.WIN64|x86.ActiveCfg = WIN64|x86
		{638D8088-62B1-455E-AD0B-154DE6BEA47B}.WIN64|x86.Build.0 = WIN64|x86
		{6AF02F92-514F-460A-B246-A5B0C1644676}.Debug|Any CPU.ActiveCfg = Debug|Any CPU
		{6AF02F92-514F-460A-B246-A5B0C1644676}.Debug|Any CPU.Build.0 = Debug|Any CPU
		{6AF02F92-514F-460A-B246-A5B0C1644676}.Debug|x64.ActiveCfg = Debug|Any CPU
		{6AF02F92-514F-460A-B246-A5B0C1644676}.Debug|x64.Build.0 = Debug|Any CPU
		{6AF02F92-514F-460A-B246-A5B0C1644676}.Debug|x86.ActiveCfg = Debug|Any CPU
		{6AF02F92-514F-460A-B246-A5B0C1644676}.Debug|x86.Build.0 = Debug|Any CPU
		{6AF02F92-514F-460A-B246-A5B0C1644676}.LINUX32|Any CPU.ActiveCfg = Release|Any CPU
		{6AF02F92-514F-460A-B246-A5B0C1644676}.LINUX32|Any CPU.Build.0 = Release|Any CPU
		{6AF02F92-514F-460A-B246-A5B0C1644676}.LINUX32|x64.ActiveCfg = Debug|Any CPU
		{6AF02F92-514F-460A-B246-A5B0C1644676}.LINUX32|x64.Build.0 = Debug|Any CPU
		{6AF02F92-514F-460A-B246-A5B0C1644676}.LINUX32|x86.ActiveCfg = Debug|Any CPU
		{6AF02F92-514F-460A-B246-A5B0C1644676}.LINUX32|x86.Build.0 = Debug|Any CPU
		{6AF02F92-514F-460A-B246-A5B0C1644676}.LINUX64|Any CPU.ActiveCfg = Release|Any CPU
		{6AF02F92-514F-460A-B246-A5B0C1644676}.LINUX64|Any CPU.Build.0 = Release|Any CPU
		{6AF02F92-514F-460A-B246-A5B0C1644676}.LINUX64|x64.ActiveCfg = Debug|Any CPU
		{6AF02F92-514F-460A-B246-A5B0C1644676}.LINUX64|x64.Build.0 = Debug|Any CPU
		{6AF02F92-514F-460A-B246-A5B0C1644676}.LINUX64|x86.ActiveCfg = Debug|Any CPU
		{6AF02F92-514F-460A-B246-A5B0C1644676}.LINUX64|x86.Build.0 = Debug|Any CPU
		{6AF02F92-514F-460A-B246-A5B0C1644676}.OSX|Any CPU.ActiveCfg = Release|Any CPU
		{6AF02F92-514F-460A-B246-A5B0C1644676}.OSX|Any CPU.Build.0 = Release|Any CPU
		{6AF02F92-514F-460A-B246-A5B0C1644676}.OSX|x64.ActiveCfg = Debug|Any CPU
		{6AF02F92-514F-460A-B246-A5B0C1644676}.OSX|x64.Build.0 = Debug|Any CPU
		{6AF02F92-514F-460A-B246-A5B0C1644676}.OSX|x86.ActiveCfg = Debug|Any CPU
		{6AF02F92-514F-460A-B246-A5B0C1644676}.OSX|x86.Build.0 = Debug|Any CPU
		{6AF02F92-514F-460A-B246-A5B0C1644676}.Release|Any CPU.ActiveCfg = Release|Any CPU
		{6AF02F92-514F-460A-B246-A5B0C1644676}.Release|Any CPU.Build.0 = Release|Any CPU
		{6AF02F92-514F-460A-B246-A5B0C1644676}.Release|x64.ActiveCfg = Release|Any CPU
		{6AF02F92-514F-460A-B246-A5B0C1644676}.Release|x64.Build.0 = Release|Any CPU
		{6AF02F92-514F-460A-B246-A5B0C1644676}.Release|x86.ActiveCfg = Release|Any CPU
		{6AF02F92-514F-460A-B246-A5B0C1644676}.Release|x86.Build.0 = Release|Any CPU
		{6AF02F92-514F-460A-B246-A5B0C1644676}.WIN32|Any CPU.ActiveCfg = Release|Any CPU
		{6AF02F92-514F-460A-B246-A5B0C1644676}.WIN32|Any CPU.Build.0 = Release|Any CPU
		{6AF02F92-514F-460A-B246-A5B0C1644676}.WIN32|x64.ActiveCfg = Debug|Any CPU
		{6AF02F92-514F-460A-B246-A5B0C1644676}.WIN32|x64.Build.0 = Debug|Any CPU
		{6AF02F92-514F-460A-B246-A5B0C1644676}.WIN32|x86.ActiveCfg = Debug|Any CPU
		{6AF02F92-514F-460A-B246-A5B0C1644676}.WIN32|x86.Build.0 = Debug|Any CPU
		{6AF02F92-514F-460A-B246-A5B0C1644676}.WIN64|Any CPU.ActiveCfg = Release|Any CPU
		{6AF02F92-514F-460A-B246-A5B0C1644676}.WIN64|Any CPU.Build.0 = Release|Any CPU
		{6AF02F92-514F-460A-B246-A5B0C1644676}.WIN64|x64.ActiveCfg = Debug|Any CPU
		{6AF02F92-514F-460A-B246-A5B0C1644676}.WIN64|x64.Build.0 = Debug|Any CPU
		{6AF02F92-514F-460A-B246-A5B0C1644676}.WIN64|x86.ActiveCfg = Debug|Any CPU
		{6AF02F92-514F-460A-B246-A5B0C1644676}.WIN64|x86.Build.0 = Debug|Any CPU
		{27F44F4C-6125-4C6F-93CB-33928614EE83}.Debug|Any CPU.ActiveCfg = Debug|Any CPU
		{27F44F4C-6125-4C6F-93CB-33928614EE83}.Debug|Any CPU.Build.0 = Debug|Any CPU
		{27F44F4C-6125-4C6F-93CB-33928614EE83}.Debug|x64.ActiveCfg = Debug|Any CPU
		{27F44F4C-6125-4C6F-93CB-33928614EE83}.Debug|x64.Build.0 = Debug|Any CPU
		{27F44F4C-6125-4C6F-93CB-33928614EE83}.Debug|x86.ActiveCfg = Debug|Any CPU
		{27F44F4C-6125-4C6F-93CB-33928614EE83}.Debug|x86.Build.0 = Debug|Any CPU
		{27F44F4C-6125-4C6F-93CB-33928614EE83}.LINUX32|Any CPU.ActiveCfg = Debug|Any CPU
		{27F44F4C-6125-4C6F-93CB-33928614EE83}.LINUX32|Any CPU.Build.0 = Debug|Any CPU
		{27F44F4C-6125-4C6F-93CB-33928614EE83}.LINUX32|x64.ActiveCfg = Debug|Any CPU
		{27F44F4C-6125-4C6F-93CB-33928614EE83}.LINUX32|x64.Build.0 = Debug|Any CPU
		{27F44F4C-6125-4C6F-93CB-33928614EE83}.LINUX32|x86.ActiveCfg = Debug|Any CPU
		{27F44F4C-6125-4C6F-93CB-33928614EE83}.LINUX32|x86.Build.0 = Debug|Any CPU
		{27F44F4C-6125-4C6F-93CB-33928614EE83}.LINUX64|Any CPU.ActiveCfg = Debug|Any CPU
		{27F44F4C-6125-4C6F-93CB-33928614EE83}.LINUX64|Any CPU.Build.0 = Debug|Any CPU
		{27F44F4C-6125-4C6F-93CB-33928614EE83}.LINUX64|x64.ActiveCfg = Debug|Any CPU
		{27F44F4C-6125-4C6F-93CB-33928614EE83}.LINUX64|x64.Build.0 = Debug|Any CPU
		{27F44F4C-6125-4C6F-93CB-33928614EE83}.LINUX64|x86.ActiveCfg = Debug|Any CPU
		{27F44F4C-6125-4C6F-93CB-33928614EE83}.LINUX64|x86.Build.0 = Debug|Any CPU
		{27F44F4C-6125-4C6F-93CB-33928614EE83}.OSX|Any CPU.ActiveCfg = Debug|Any CPU
		{27F44F4C-6125-4C6F-93CB-33928614EE83}.OSX|Any CPU.Build.0 = Debug|Any CPU
		{27F44F4C-6125-4C6F-93CB-33928614EE83}.OSX|x64.ActiveCfg = Debug|Any CPU
		{27F44F4C-6125-4C6F-93CB-33928614EE83}.OSX|x64.Build.0 = Debug|Any CPU
		{27F44F4C-6125-4C6F-93CB-33928614EE83}.OSX|x86.ActiveCfg = Debug|Any CPU
		{27F44F4C-6125-4C6F-93CB-33928614EE83}.OSX|x86.Build.0 = Debug|Any CPU
		{27F44F4C-6125-4C6F-93CB-33928614EE83}.Release|Any CPU.ActiveCfg = Release|Any CPU
		{27F44F4C-6125-4C6F-93CB-33928614EE83}.Release|Any CPU.Build.0 = Release|Any CPU
		{27F44F4C-6125-4C6F-93CB-33928614EE83}.Release|x64.ActiveCfg = Release|Any CPU
		{27F44F4C-6125-4C6F-93CB-33928614EE83}.Release|x64.Build.0 = Release|Any CPU
		{27F44F4C-6125-4C6F-93CB-33928614EE83}.Release|x86.ActiveCfg = Release|Any CPU
		{27F44F4C-6125-4C6F-93CB-33928614EE83}.Release|x86.Build.0 = Release|Any CPU
		{27F44F4C-6125-4C6F-93CB-33928614EE83}.WIN32|Any CPU.ActiveCfg = Debug|Any CPU
		{27F44F4C-6125-4C6F-93CB-33928614EE83}.WIN32|Any CPU.Build.0 = Debug|Any CPU
		{27F44F4C-6125-4C6F-93CB-33928614EE83}.WIN32|x64.ActiveCfg = Debug|Any CPU
		{27F44F4C-6125-4C6F-93CB-33928614EE83}.WIN32|x64.Build.0 = Debug|Any CPU
		{27F44F4C-6125-4C6F-93CB-33928614EE83}.WIN32|x86.ActiveCfg = Debug|Any CPU
		{27F44F4C-6125-4C6F-93CB-33928614EE83}.WIN32|x86.Build.0 = Debug|Any CPU
		{27F44F4C-6125-4C6F-93CB-33928614EE83}.WIN64|Any CPU.ActiveCfg = Debug|Any CPU
		{27F44F4C-6125-4C6F-93CB-33928614EE83}.WIN64|Any CPU.Build.0 = Debug|Any CPU
		{27F44F4C-6125-4C6F-93CB-33928614EE83}.WIN64|x64.ActiveCfg = Debug|Any CPU
		{27F44F4C-6125-4C6F-93CB-33928614EE83}.WIN64|x64.Build.0 = Debug|Any CPU
		{27F44F4C-6125-4C6F-93CB-33928614EE83}.WIN64|x86.ActiveCfg = Debug|Any CPU
		{27F44F4C-6125-4C6F-93CB-33928614EE83}.WIN64|x86.Build.0 = Debug|Any CPU
	EndGlobalSection
	GlobalSection(SolutionProperties) = preSolution
		HideSolutionNode = FALSE
	EndGlobalSection
	GlobalSection(ExtensibilityGlobals) = postSolution
		SolutionGuid = {35ACDF4E-2CE2-46B1-A19F-35DC131069A1}
	EndGlobalSection
	GlobalSection(MonoDevelopProperties) = preSolution
		StartupItem = Myra.UIEditor\Myra.UIEditor.csproj
	EndGlobalSection
	GlobalSection(MonoDevelopProperties) = preSolution
		StartupItem = Myra.UIEditor\Myra.UIEditor.csproj
	EndGlobalSection
	GlobalSection(MonoDevelopProperties) = preSolution
		StartupItem = Myra.UIEditor\Myra.UIEditor.csproj
	EndGlobalSection
EndGlobal
