
Microsoft Visual Studio Solution File, Format Version 12.00
# Visual Studio Version 16
VisualStudioVersion = 16.0.29020.237
MinimumVisualStudioVersion = 10.0.40219.1
Project("{FAE04EC0-301F-11D3-BF4B-00C04F79EFBC}") = "Chroma", "Chroma\Chroma.csproj", "{E0F96220-34C9-4F07-9E3C-EDFDC8D28B0F}"
EndProject
Project("{9A19103F-16F7-4668-BE54-9A1E7A4F7556}") = "Catalyst", "Catalyst\Catalyst.csproj", "{05CA420E-7DE2-434F-93F2-3BF33160C719}"
EndProject
Project("{9A19103F-16F7-4668-BE54-9A1E7A4F7556}") = "Catalyst.XNA", "Catalyst.XNA\Catalyst.XNA.csproj", "{638D8088-62B1-455E-AD0B-154DE6BEA47B}"
EndProject
Global
	GlobalSection(SolutionConfigurationPlatforms) = preSolution
		Debug|Any CPU = Debug|Any CPU
		Debug|x64 = Debug|x64
		Debug|x86 = Debug|x86
		DebugMode|Any CPU = DebugMode|Any CPU
		DebugMode|x64 = DebugMode|x64
		DebugMode|x86 = DebugMode|x86
		Release|Any CPU = Release|Any CPU
		Release|x64 = Release|x64
		Release|x86 = Release|x86
		Test|Any CPU = Test|Any CPU
		Test|x64 = Test|x64
		Test|x86 = Test|x86
	EndGlobalSection
	GlobalSection(ProjectConfigurationPlatforms) = postSolution
		{E0F96220-34C9-4F07-9E3C-EDFDC8D28B0F}.Debug|Any CPU.ActiveCfg = Debug|Any CPU
		{E0F96220-34C9-4F07-9E3C-EDFDC8D28B0F}.Debug|Any CPU.Build.0 = Debug|Any CPU
		{E0F96220-34C9-4F07-9E3C-EDFDC8D28B0F}.Debug|x64.ActiveCfg = Debug|Any CPU
		{E0F96220-34C9-4F07-9E3C-EDFDC8D28B0F}.Debug|x64.Build.0 = Debug|Any CPU
		{E0F96220-34C9-4F07-9E3C-EDFDC8D28B0F}.Debug|x86.ActiveCfg = Debug|Any CPU
		{E0F96220-34C9-4F07-9E3C-EDFDC8D28B0F}.Debug|x86.Build.0 = Debug|Any CPU
		{E0F96220-34C9-4F07-9E3C-EDFDC8D28B0F}.DebugMode|Any CPU.ActiveCfg = DebugMode|Any CPU
		{E0F96220-34C9-4F07-9E3C-EDFDC8D28B0F}.DebugMode|Any CPU.Build.0 = DebugMode|Any CPU
		{E0F96220-34C9-4F07-9E3C-EDFDC8D28B0F}.DebugMode|x64.ActiveCfg = DebugMode|Any CPU
		{E0F96220-34C9-4F07-9E3C-EDFDC8D28B0F}.DebugMode|x64.Build.0 = DebugMode|Any CPU
		{E0F96220-34C9-4F07-9E3C-EDFDC8D28B0F}.DebugMode|x86.ActiveCfg = DebugMode|Any CPU
		{E0F96220-34C9-4F07-9E3C-EDFDC8D28B0F}.DebugMode|x86.Build.0 = DebugMode|Any CPU
		{E0F96220-34C9-4F07-9E3C-EDFDC8D28B0F}.Release|Any CPU.ActiveCfg = Release|Any CPU
		{E0F96220-34C9-4F07-9E3C-EDFDC8D28B0F}.Release|Any CPU.Build.0 = Release|Any CPU
		{E0F96220-34C9-4F07-9E3C-EDFDC8D28B0F}.Release|x64.ActiveCfg = Release|Any CPU
		{E0F96220-34C9-4F07-9E3C-EDFDC8D28B0F}.Release|x64.Build.0 = Release|Any CPU
		{E0F96220-34C9-4F07-9E3C-EDFDC8D28B0F}.Release|x86.ActiveCfg = Release|Any CPU
		{E0F96220-34C9-4F07-9E3C-EDFDC8D28B0F}.Release|x86.Build.0 = Release|Any CPU
		{E0F96220-34C9-4F07-9E3C-EDFDC8D28B0F}.Test|Any CPU.ActiveCfg = Test|Any CPU
		{E0F96220-34C9-4F07-9E3C-EDFDC8D28B0F}.Test|Any CPU.Build.0 = Test|Any CPU
		{E0F96220-34C9-4F07-9E3C-EDFDC8D28B0F}.Test|x64.ActiveCfg = Test|Any CPU
		{E0F96220-34C9-4F07-9E3C-EDFDC8D28B0F}.Test|x64.Build.0 = Test|Any CPU
		{E0F96220-34C9-4F07-9E3C-EDFDC8D28B0F}.Test|x86.ActiveCfg = Test|Any CPU
		{E0F96220-34C9-4F07-9E3C-EDFDC8D28B0F}.Test|x86.Build.0 = Test|Any CPU
		{05CA420E-7DE2-434F-93F2-3BF33160C719}.Debug|Any CPU.ActiveCfg = Debug|Any CPU
		{05CA420E-7DE2-434F-93F2-3BF33160C719}.Debug|Any CPU.Build.0 = Debug|Any CPU
		{05CA420E-7DE2-434F-93F2-3BF33160C719}.Debug|x64.ActiveCfg = Debug|Any CPU
		{05CA420E-7DE2-434F-93F2-3BF33160C719}.Debug|x64.Build.0 = Debug|Any CPU
		{05CA420E-7DE2-434F-93F2-3BF33160C719}.Debug|x86.ActiveCfg = Debug|Any CPU
		{05CA420E-7DE2-434F-93F2-3BF33160C719}.Debug|x86.Build.0 = Debug|Any CPU
		{05CA420E-7DE2-434F-93F2-3BF33160C719}.DebugMode|Any CPU.ActiveCfg = Debug|Any CPU
		{05CA420E-7DE2-434F-93F2-3BF33160C719}.DebugMode|Any CPU.Build.0 = Debug|Any CPU
		{05CA420E-7DE2-434F-93F2-3BF33160C719}.DebugMode|x64.ActiveCfg = Debug|Any CPU
		{05CA420E-7DE2-434F-93F2-3BF33160C719}.DebugMode|x64.Build.0 = Debug|Any CPU
		{05CA420E-7DE2-434F-93F2-3BF33160C719}.DebugMode|x86.ActiveCfg = Debug|Any CPU
		{05CA420E-7DE2-434F-93F2-3BF33160C719}.DebugMode|x86.Build.0 = Debug|Any CPU
		{05CA420E-7DE2-434F-93F2-3BF33160C719}.Release|Any CPU.ActiveCfg = Release|Any CPU
		{05CA420E-7DE2-434F-93F2-3BF33160C719}.Release|Any CPU.Build.0 = Release|Any CPU
		{05CA420E-7DE2-434F-93F2-3BF33160C719}.Release|x64.ActiveCfg = Release|Any CPU
		{05CA420E-7DE2-434F-93F2-3BF33160C719}.Release|x64.Build.0 = Release|Any CPU
		{05CA420E-7DE2-434F-93F2-3BF33160C719}.Release|x86.ActiveCfg = Release|Any CPU
		{05CA420E-7DE2-434F-93F2-3BF33160C719}.Release|x86.Build.0 = Release|Any CPU
		{05CA420E-7DE2-434F-93F2-3BF33160C719}.Test|Any CPU.ActiveCfg = Debug|Any CPU
		{05CA420E-7DE2-434F-93F2-3BF33160C719}.Test|Any CPU.Build.0 = Debug|Any CPU
		{05CA420E-7DE2-434F-93F2-3BF33160C719}.Test|x64.ActiveCfg = Debug|Any CPU
		{05CA420E-7DE2-434F-93F2-3BF33160C719}.Test|x64.Build.0 = Debug|Any CPU
		{05CA420E-7DE2-434F-93F2-3BF33160C719}.Test|x86.ActiveCfg = Debug|Any CPU
		{05CA420E-7DE2-434F-93F2-3BF33160C719}.Test|x86.Build.0 = Debug|Any CPU
		{638D8088-62B1-455E-AD0B-154DE6BEA47B}.Debug|Any CPU.ActiveCfg = Debug|Any CPU
		{638D8088-62B1-455E-AD0B-154DE6BEA47B}.Debug|Any CPU.Build.0 = Debug|Any CPU
		{638D8088-62B1-455E-AD0B-154DE6BEA47B}.Debug|x64.ActiveCfg = Debug|Any CPU
		{638D8088-62B1-455E-AD0B-154DE6BEA47B}.Debug|x64.Build.0 = Debug|Any CPU
		{638D8088-62B1-455E-AD0B-154DE6BEA47B}.Debug|x86.ActiveCfg = Debug|Any CPU
		{638D8088-62B1-455E-AD0B-154DE6BEA47B}.Debug|x86.Build.0 = Debug|Any CPU
		{638D8088-62B1-455E-AD0B-154DE6BEA47B}.DebugMode|Any CPU.ActiveCfg = Debug|Any CPU
		{638D8088-62B1-455E-AD0B-154DE6BEA47B}.DebugMode|Any CPU.Build.0 = Debug|Any CPU
		{638D8088-62B1-455E-AD0B-154DE6BEA47B}.DebugMode|x64.ActiveCfg = Debug|Any CPU
		{638D8088-62B1-455E-AD0B-154DE6BEA47B}.DebugMode|x64.Build.0 = Debug|Any CPU
		{638D8088-62B1-455E-AD0B-154DE6BEA47B}.DebugMode|x86.ActiveCfg = Debug|Any CPU
		{638D8088-62B1-455E-AD0B-154DE6BEA47B}.DebugMode|x86.Build.0 = Debug|Any CPU
		{638D8088-62B1-455E-AD0B-154DE6BEA47B}.Release|Any CPU.ActiveCfg = Release|Any CPU
		{638D8088-62B1-455E-AD0B-154DE6BEA47B}.Release|Any CPU.Build.0 = Release|Any CPU
		{638D8088-62B1-455E-AD0B-154DE6BEA47B}.Release|x64.ActiveCfg = Release|Any CPU
		{638D8088-62B1-455E-AD0B-154DE6BEA47B}.Release|x64.Build.0 = Release|Any CPU
		{638D8088-62B1-455E-AD0B-154DE6BEA47B}.Release|x86.ActiveCfg = Release|Any CPU
		{638D8088-62B1-455E-AD0B-154DE6BEA47B}.Release|x86.Build.0 = Release|Any CPU
		{638D8088-62B1-455E-AD0B-154DE6BEA47B}.Test|Any CPU.ActiveCfg = Debug|Any CPU
		{638D8088-62B1-455E-AD0B-154DE6BEA47B}.Test|Any CPU.Build.0 = Debug|Any CPU
		{638D8088-62B1-455E-AD0B-154DE6BEA47B}.Test|x64.ActiveCfg = Debug|Any CPU
		{638D8088-62B1-455E-AD0B-154DE6BEA47B}.Test|x64.Build.0 = Debug|Any CPU
		{638D8088-62B1-455E-AD0B-154DE6BEA47B}.Test|x86.ActiveCfg = Debug|Any CPU
		{638D8088-62B1-455E-AD0B-154DE6BEA47B}.Test|x86.Build.0 = Debug|Any CPU
	EndGlobalSection
	GlobalSection(SolutionProperties) = preSolution
		HideSolutionNode = FALSE
	EndGlobalSection
	GlobalSection(ExtensibilityGlobals) = postSolution
		SolutionGuid = {35ACDF4E-2CE2-46B1-A19F-35DC131069A1}
	EndGlobalSection
	GlobalSection(MonoDevelopProperties) = preSolution
		StartupItem = Myra.UIEditor\Myra.UIEditor.csproj
	EndGlobalSection
	GlobalSection(MonoDevelopProperties) = preSolution
		StartupItem = Myra.UIEditor\Myra.UIEditor.csproj
	EndGlobalSection
	GlobalSection(MonoDevelopProperties) = preSolution
		StartupItem = Myra.UIEditor\Myra.UIEditor.csproj
	EndGlobalSection
EndGlobal
