
Microsoft Visual Studio Solution File, Format Version 12.00
# Visual Studio Version 16
VisualStudioVersion = 16.0.29020.237
MinimumVisualStudioVersion = 10.0.40219.1
Project("{FAE04EC0-301F-11D3-BF4B-00C04F79EFBC}") = "Chroma", "Chroma\Chroma.csproj", "{E0F96220-34C9-4F07-9E3C-EDFDC8D28B0F}"
EndProject
Project("{9A19103F-16F7-4668-BE54-9A1E7A4F7556}") = "Catalyst", "Catalyst\Catalyst.csproj", "{05CA420E-7DE2-434F-93F2-3BF33160C719}"
EndProject
Project("{9A19103F-16F7-4668-BE54-9A1E7A4F7556}") = "Catalyst.XNA", "Catalyst.XNA\Catalyst.XNA.csproj", "{638D8088-62B1-455E-AD0B-154DE6BEA47B}"
EndProject
Global
	GlobalSection(SolutionConfigurationPlatforms) = preSolution
		Debug|Any CPU = Debug|Any CPU
		LINUX32|Any CPU = LINUX32|Any CPU
		LINUX64|Any CPU = LINUX64|Any CPU
		OSX|Any CPU = OSX|Any CPU
		WIN32|Any CPU = WIN32|Any CPU
		WIN64|Any CPU = WIN64|Any CPU
	EndGlobalSection
	GlobalSection(ProjectConfigurationPlatforms) = postSolution
		{E0F96220-34C9-4F07-9E3C-EDFDC8D28B0F}.Debug|Any CPU.ActiveCfg = Debug|Any CPU
		{E0F96220-34C9-4F07-9E3C-EDFDC8D28B0F}.Debug|Any CPU.Build.0 = Debug|Any CPU
		{E0F96220-34C9-4F07-9E3C-EDFDC8D28B0F}.LINUX32|Any CPU.ActiveCfg = LINUX32|x86
		{E0F96220-34C9-4F07-9E3C-EDFDC8D28B0F}.LINUX32|Any CPU.Build.0 = LINUX32|x86
		{E0F96220-34C9-4F07-9E3C-EDFDC8D28B0F}.LINUX64|Any CPU.ActiveCfg = LINUX64|x64
		{E0F96220-34C9-4F07-9E3C-EDFDC8D28B0F}.LINUX64|Any CPU.Build.0 = LINUX64|x64
		{E0F96220-34C9-4F07-9E3C-EDFDC8D28B0F}.OSX|Any CPU.ActiveCfg = OSX|Any CPU
		{E0F96220-34C9-4F07-9E3C-EDFDC8D28B0F}.OSX|Any CPU.Build.0 = OSX|Any CPU
		{E0F96220-34C9-4F07-9E3C-EDFDC8D28B0F}.WIN32|Any CPU.ActiveCfg = WIN32|x86
		{E0F96220-34C9-4F07-9E3C-EDFDC8D28B0F}.WIN32|Any CPU.Build.0 = WIN32|x86
		{E0F96220-34C9-4F07-9E3C-EDFDC8D28B0F}.WIN64|Any CPU.ActiveCfg = WIN64|x64
		{E0F96220-34C9-4F07-9E3C-EDFDC8D28B0F}.WIN64|Any CPU.Build.0 = WIN64|x64
		{05CA420E-7DE2-434F-93F2-3BF33160C719}.Debug|Any CPU.ActiveCfg = Debug|Any CPU
		{05CA420E-7DE2-434F-93F2-3BF33160C719}.Debug|Any CPU.Build.0 = Debug|Any CPU
		{05CA420E-7DE2-434F-93F2-3BF33160C719}.LINUX32|Any CPU.ActiveCfg = LINUX32|x86
		{05CA420E-7DE2-434F-93F2-3BF33160C719}.LINUX64|Any CPU.ActiveCfg = LINUX64|x64
		{05CA420E-7DE2-434F-93F2-3BF33160C719}.OSX|Any CPU.ActiveCfg = OSX|Any CPU
		{05CA420E-7DE2-434F-93F2-3BF33160C719}.WIN32|Any CPU.ActiveCfg = WIN32|x86
		{05CA420E-7DE2-434F-93F2-3BF33160C719}.WIN64|Any CPU.ActiveCfg = WIN64|x64
		{05CA420E-7DE2-434F-93F2-3BF33160C719}.WIN64|Any CPU.Build.0 = WIN64|x64
		{638D8088-62B1-455E-AD0B-154DE6BEA47B}.Debug|Any CPU.ActiveCfg = Debug|Any CPU
		{638D8088-62B1-455E-AD0B-154DE6BEA47B}.Debug|Any CPU.Build.0 = Debug|Any CPU
		{638D8088-62B1-455E-AD0B-154DE6BEA47B}.LINUX32|Any CPU.ActiveCfg = LINUX32|x86
		{638D8088-62B1-455E-AD0B-154DE6BEA47B}.LINUX64|Any CPU.ActiveCfg = LINUX64|x64
		{638D8088-62B1-455E-AD0B-154DE6BEA47B}.OSX|Any CPU.ActiveCfg = OSX|Any CPU
		{638D8088-62B1-455E-AD0B-154DE6BEA47B}.WIN32|Any CPU.ActiveCfg = WIN32|x86
		{638D8088-62B1-455E-AD0B-154DE6BEA47B}.WIN64|Any CPU.ActiveCfg = WIN64|x64
		{638D8088-62B1-455E-AD0B-154DE6BEA47B}.WIN64|Any CPU.Build.0 = WIN64|x64
	EndGlobalSection
	GlobalSection(SolutionProperties) = preSolution
		HideSolutionNode = FALSE
	EndGlobalSection
	GlobalSection(ExtensibilityGlobals) = postSolution
		SolutionGuid = {35ACDF4E-2CE2-46B1-A19F-35DC131069A1}
	EndGlobalSection
	GlobalSection(MonoDevelopProperties) = preSolution
		StartupItem = Myra.UIEditor\Myra.UIEditor.csproj
	EndGlobalSection
	GlobalSection(MonoDevelopProperties) = preSolution
		StartupItem = Myra.UIEditor\Myra.UIEditor.csproj
	EndGlobalSection
	GlobalSection(MonoDevelopProperties) = preSolution
		StartupItem = Myra.UIEditor\Myra.UIEditor.csproj
	EndGlobalSection
EndGlobal
